# This file is automatically @generated by Poetry 1.6.1 and should not be changed by hand.

[[package]]
name = "anyio"
version = "4.0.0"
description = "High level compatibility layer for multiple asynchronous event loop implementations"
optional = false
python-versions = ">=3.8"
files = [
    {file = "anyio-4.0.0-py3-none-any.whl", hash = "sha256:cfdb2b588b9fc25ede96d8db56ed50848b0b649dca3dd1df0b11f683bb9e0b5f"},
    {file = "anyio-4.0.0.tar.gz", hash = "sha256:f7ed51751b2c2add651e5747c891b47e26d2a21be5d32d9311dfe9692f3e5d7a"},
]

[package.dependencies]
exceptiongroup = {version = ">=1.0.2", markers = "python_version < \"3.11\""}
idna = ">=2.8"
sniffio = ">=1.1"

[package.extras]
doc = ["Sphinx (>=7)", "packaging", "sphinx-autodoc-typehints (>=1.2.0)"]
test = ["anyio[trio]", "coverage[toml] (>=7)", "hypothesis (>=4.0)", "psutil (>=5.9)", "pytest (>=7.0)", "pytest-mock (>=3.6.1)", "trustme", "uvloop (>=0.17)"]
trio = ["trio (>=0.22)"]

[[package]]
name = "certifi"
version = "2023.7.22"
description = "Python package for providing Mozilla's CA Bundle."
optional = false
python-versions = ">=3.6"
files = [
    {file = "certifi-2023.7.22-py3-none-any.whl", hash = "sha256:92d6037539857d8206b8f6ae472e8b77db8058fec5937a1ef3f54304089edbb9"},
    {file = "certifi-2023.7.22.tar.gz", hash = "sha256:539cc1d13202e33ca466e88b2807e29f4c13049d6d87031a3c110744495cb082"},
]

[[package]]
name = "click"
version = "8.1.7"
description = "Composable command line interface toolkit"
optional = false
python-versions = ">=3.7"
files = [
    {file = "click-8.1.7-py3-none-any.whl", hash = "sha256:ae74fb96c20a0277a1d615f1e4d73c8414f5a98db8b799a7931d1582f3390c28"},
    {file = "click-8.1.7.tar.gz", hash = "sha256:ca9853ad459e787e2192211578cc907e7594e294c7ccc834310722b41b9ca6de"},
]

[package.dependencies]
colorama = {version = "*", markers = "platform_system == \"Windows\""}

[[package]]
name = "colorama"
version = "0.4.6"
description = "Cross-platform colored terminal text."
optional = false
python-versions = "!=3.0.*,!=3.1.*,!=3.2.*,!=3.3.*,!=3.4.*,!=3.5.*,!=3.6.*,>=2.7"
files = [
    {file = "colorama-0.4.6-py2.py3-none-any.whl", hash = "sha256:4f1d9991f5acc0ca119f9d443620b77f9d6b33703e51011c16baf57afb285fc6"},
    {file = "colorama-0.4.6.tar.gz", hash = "sha256:08695f5cb7ed6e0531a20572697297273c47b8cae5a63ffc6d6ed5c201be6e44"},
]

[[package]]
name = "exceptiongroup"
version = "1.1.3"
description = "Backport of PEP 654 (exception groups)"
optional = false
python-versions = ">=3.7"
files = [
    {file = "exceptiongroup-1.1.3-py3-none-any.whl", hash = "sha256:343280667a4585d195ca1cf9cef84a4e178c4b6cf2274caef9859782b567d5e3"},
    {file = "exceptiongroup-1.1.3.tar.gz", hash = "sha256:097acd85d473d75af5bb98e41b61ff7fe35efe6675e4f9370ec6ec5126d160e9"},
]

[package.extras]
test = ["pytest (>=6)"]

[[package]]
name = "freezegun"
version = "1.2.2"
description = "Let your Python tests travel through time"
optional = false
python-versions = ">=3.6"
files = [
    {file = "freezegun-1.2.2-py3-none-any.whl", hash = "sha256:ea1b963b993cb9ea195adbd893a48d573fda951b0da64f60883d7e988b606c9f"},
    {file = "freezegun-1.2.2.tar.gz", hash = "sha256:cd22d1ba06941384410cd967d8a99d5ae2442f57dfafeff2fda5de8dc5c05446"},
]

[package.dependencies]
python-dateutil = ">=2.7"

[[package]]
name = "h11"
version = "0.14.0"
description = "A pure-Python, bring-your-own-I/O implementation of HTTP/1.1"
optional = false
python-versions = ">=3.7"
files = [
    {file = "h11-0.14.0-py3-none-any.whl", hash = "sha256:e3fe4ac4b851c468cc8363d500db52c2ead036020723024a109d37346efaa761"},
    {file = "h11-0.14.0.tar.gz", hash = "sha256:8f19fbbe99e72420ff35c00b27a34cb9937e902a8b810e2c88300c6f0a3b699d"},
]

[[package]]
name = "httpcore"
version = "0.18.0"
description = "A minimal low-level HTTP client."
optional = false
python-versions = ">=3.8"
files = [
    {file = "httpcore-0.18.0-py3-none-any.whl", hash = "sha256:adc5398ee0a476567bf87467063ee63584a8bce86078bf748e48754f60202ced"},
    {file = "httpcore-0.18.0.tar.gz", hash = "sha256:13b5e5cd1dca1a6636a6aaea212b19f4f85cd88c366a2b82304181b769aab3c9"},
]

[package.dependencies]
anyio = ">=3.0,<5.0"
certifi = "*"
h11 = ">=0.13,<0.15"
sniffio = "==1.*"

[package.extras]
http2 = ["h2 (>=3,<5)"]
socks = ["socksio (==1.*)"]

[[package]]
name = "httpx"
version = "0.25.0"
description = "The next generation HTTP client."
optional = false
python-versions = ">=3.8"
files = [
    {file = "httpx-0.25.0-py3-none-any.whl", hash = "sha256:181ea7f8ba3a82578be86ef4171554dd45fec26a02556a744db029a0a27b7100"},
    {file = "httpx-0.25.0.tar.gz", hash = "sha256:47ecda285389cb32bb2691cc6e069e3ab0205956f681c5b2ad2325719751d875"},
]

[package.dependencies]
certifi = "*"
httpcore = ">=0.18.0,<0.19.0"
idna = "*"
sniffio = "*"

[package.extras]
brotli = ["brotli", "brotlicffi"]
cli = ["click (==8.*)", "pygments (==2.*)", "rich (>=10,<14)"]
http2 = ["h2 (>=3,<5)"]
socks = ["socksio (==1.*)"]

[[package]]
name = "idna"
version = "3.4"
description = "Internationalized Domain Names in Applications (IDNA)"
optional = false
python-versions = ">=3.5"
files = [
    {file = "idna-3.4-py3-none-any.whl", hash = "sha256:90b77e79eaa3eba6de819a0c442c0b4ceefc341a7a2ab77d7562bf49f425c5c2"},
    {file = "idna-3.4.tar.gz", hash = "sha256:814f528e8dead7d329833b91c5faa87d60bf71824cd12a7530b5526063d02cb4"},
]

[[package]]
name = "iniconfig"
version = "2.0.0"
description = "brain-dead simple config-ini parsing"
optional = false
python-versions = ">=3.7"
files = [
    {file = "iniconfig-2.0.0-py3-none-any.whl", hash = "sha256:b6a85871a79d2e3b22d2d1b94ac2824226a63c6b741c88f7ae975f18b6778374"},
    {file = "iniconfig-2.0.0.tar.gz", hash = "sha256:2d91e135bf72d31a410b17c16da610a82cb55f6b0477d1a902134b24a455b8b3"},
]

[[package]]
name = "kafka-python"
version = "2.0.2"
description = "Pure Python client for Apache Kafka"
optional = false
python-versions = "*"
files = [
    {file = "kafka-python-2.0.2.tar.gz", hash = "sha256:04dfe7fea2b63726cd6f3e79a2d86e709d608d74406638c5da33a01d45a9d7e3"},
    {file = "kafka_python-2.0.2-py2.py3-none-any.whl", hash = "sha256:2d92418c7cb1c298fa6c7f0fb3519b520d0d7526ac6cb7ae2a4fc65a51a94b6e"},
]

[package.extras]
crc32c = ["crc32c"]

[[package]]
name = "mypy"
version = "1.6.0"
description = "Optional static typing for Python"
optional = false
python-versions = ">=3.8"
files = [
    {file = "mypy-1.6.0-cp310-cp310-macosx_10_9_x86_64.whl", hash = "sha256:091f53ff88cb093dcc33c29eee522c087a438df65eb92acd371161c1f4380ff0"},
    {file = "mypy-1.6.0-cp310-cp310-macosx_11_0_arm64.whl", hash = "sha256:eb7ff4007865833c470a601498ba30462b7374342580e2346bf7884557e40531"},
    {file = "mypy-1.6.0-cp310-cp310-manylinux_2_17_x86_64.manylinux2014_x86_64.whl", hash = "sha256:49499cf1e464f533fc45be54d20a6351a312f96ae7892d8e9f1708140e27ce41"},
    {file = "mypy-1.6.0-cp310-cp310-musllinux_1_1_x86_64.whl", hash = "sha256:4c192445899c69f07874dabda7e931b0cc811ea055bf82c1ababf358b9b2a72c"},
    {file = "mypy-1.6.0-cp310-cp310-win_amd64.whl", hash = "sha256:3df87094028e52766b0a59a3e46481bb98b27986ed6ded6a6cc35ecc75bb9182"},
    {file = "mypy-1.6.0-cp311-cp311-macosx_10_9_x86_64.whl", hash = "sha256:3c8835a07b8442da900db47ccfda76c92c69c3a575872a5b764332c4bacb5a0a"},
    {file = "mypy-1.6.0-cp311-cp311-macosx_11_0_arm64.whl", hash = "sha256:24f3de8b9e7021cd794ad9dfbf2e9fe3f069ff5e28cb57af6f873ffec1cb0425"},
    {file = "mypy-1.6.0-cp311-cp311-manylinux_2_17_x86_64.manylinux2014_x86_64.whl", hash = "sha256:856bad61ebc7d21dbc019b719e98303dc6256cec6dcc9ebb0b214b81d6901bd8"},
    {file = "mypy-1.6.0-cp311-cp311-musllinux_1_1_x86_64.whl", hash = "sha256:89513ddfda06b5c8ebd64f026d20a61ef264e89125dc82633f3c34eeb50e7d60"},
    {file = "mypy-1.6.0-cp311-cp311-win_amd64.whl", hash = "sha256:9f8464ed410ada641c29f5de3e6716cbdd4f460b31cf755b2af52f2d5ea79ead"},
    {file = "mypy-1.6.0-cp312-cp312-macosx_10_9_x86_64.whl", hash = "sha256:971104bcb180e4fed0d7bd85504c9036346ab44b7416c75dd93b5c8c6bb7e28f"},
    {file = "mypy-1.6.0-cp312-cp312-macosx_11_0_arm64.whl", hash = "sha256:ab98b8f6fdf669711f3abe83a745f67f50e3cbaea3998b90e8608d2b459fd566"},
    {file = "mypy-1.6.0-cp312-cp312-manylinux_2_17_x86_64.manylinux2014_x86_64.whl", hash = "sha256:1a69db3018b87b3e6e9dd28970f983ea6c933800c9edf8c503c3135b3274d5ad"},
    {file = "mypy-1.6.0-cp312-cp312-musllinux_1_1_x86_64.whl", hash = "sha256:dccd850a2e3863891871c9e16c54c742dba5470f5120ffed8152956e9e0a5e13"},
    {file = "mypy-1.6.0-cp312-cp312-win_amd64.whl", hash = "sha256:f8598307150b5722854f035d2e70a1ad9cc3c72d392c34fffd8c66d888c90f17"},
    {file = "mypy-1.6.0-cp38-cp38-macosx_10_9_x86_64.whl", hash = "sha256:fea451a3125bf0bfe716e5d7ad4b92033c471e4b5b3e154c67525539d14dc15a"},
    {file = "mypy-1.6.0-cp38-cp38-macosx_11_0_arm64.whl", hash = "sha256:e28d7b221898c401494f3b77db3bac78a03ad0a0fff29a950317d87885c655d2"},
    {file = "mypy-1.6.0-cp38-cp38-manylinux_2_17_x86_64.manylinux2014_x86_64.whl", hash = "sha256:e4b7a99275a61aa22256bab5839c35fe8a6887781862471df82afb4b445daae6"},
    {file = "mypy-1.6.0-cp38-cp38-musllinux_1_1_x86_64.whl", hash = "sha256:7469545380dddce5719e3656b80bdfbb217cfe8dbb1438532d6abc754b828fed"},
    {file = "mypy-1.6.0-cp38-cp38-win_amd64.whl", hash = "sha256:7807a2a61e636af9ca247ba8494031fb060a0a744b9fee7de3a54bed8a753323"},
    {file = "mypy-1.6.0-cp39-cp39-macosx_10_9_x86_64.whl", hash = "sha256:d2dad072e01764823d4b2f06bc7365bb1d4b6c2f38c4d42fade3c8d45b0b4b67"},
    {file = "mypy-1.6.0-cp39-cp39-macosx_11_0_arm64.whl", hash = "sha256:b19006055dde8a5425baa5f3b57a19fa79df621606540493e5e893500148c72f"},
    {file = "mypy-1.6.0-cp39-cp39-manylinux_2_17_x86_64.manylinux2014_x86_64.whl", hash = "sha256:31eba8a7a71f0071f55227a8057468b8d2eb5bf578c8502c7f01abaec8141b2f"},
    {file = "mypy-1.6.0-cp39-cp39-musllinux_1_1_x86_64.whl", hash = "sha256:8e0db37ac4ebb2fee7702767dfc1b773c7365731c22787cb99f507285014fcaf"},
    {file = "mypy-1.6.0-cp39-cp39-win_amd64.whl", hash = "sha256:c69051274762cccd13498b568ed2430f8d22baa4b179911ad0c1577d336ed849"},
    {file = "mypy-1.6.0-py3-none-any.whl", hash = "sha256:9e1589ca150a51d9d00bb839bfeca2f7a04f32cd62fad87a847bc0818e15d7dc"},
    {file = "mypy-1.6.0.tar.gz", hash = "sha256:4f3d27537abde1be6d5f2c96c29a454da333a2a271ae7d5bc7110e6d4b7beb3f"},
]

[package.dependencies]
mypy-extensions = ">=1.0.0"
tomli = {version = ">=1.1.0", markers = "python_version < \"3.11\""}
typing-extensions = ">=4.1.0"

[package.extras]
dmypy = ["psutil (>=4.0)"]
install-types = ["pip"]
reports = ["lxml"]

[[package]]
name = "mypy-extensions"
version = "1.0.0"
description = "Type system extensions for programs checked with the mypy type checker."
optional = false
python-versions = ">=3.5"
files = [
    {file = "mypy_extensions-1.0.0-py3-none-any.whl", hash = "sha256:4392f6c0eb8a5668a69e23d168ffa70f0be9ccfd32b5cc2d26a34ae5b844552d"},
    {file = "mypy_extensions-1.0.0.tar.gz", hash = "sha256:75dbf8955dc00442a438fc4d0666508a9a97b6bd41aa2f0ffe9d2f2725af0782"},
]

[[package]]
name = "orjson"
version = "3.9.8"
description = "Fast, correct Python JSON library supporting dataclasses, datetimes, and numpy"
optional = false
python-versions = ">=3.8"
files = [
    {file = "orjson-3.9.8-cp310-cp310-macosx_10_15_x86_64.macosx_11_0_arm64.macosx_10_15_universal2.whl", hash = "sha256:823525bfb27b804b492acc59a45dc0973ea629d97557eac81dde7b34b5267611"},
    {file = "orjson-3.9.8-cp310-cp310-manylinux_2_17_aarch64.manylinux2014_aarch64.whl", hash = "sha256:be6f2634fe6c88a0e1e785fc0b6845ad75bef6e20f1ee3d62fd81b17e7505cbf"},
    {file = "orjson-3.9.8-cp310-cp310-manylinux_2_17_armv7l.manylinux2014_armv7l.whl", hash = "sha256:2c56dd62754e2ee5b7f64d37f3e85685d3bd5bcaa448076e9113be9069078dfc"},
    {file = "orjson-3.9.8-cp310-cp310-manylinux_2_17_ppc64le.manylinux2014_ppc64le.whl", hash = "sha256:c863c7805a7961428a40431a8f47c3f71c74e6c5ddf1ab023e6e79bc5806e6d5"},
    {file = "orjson-3.9.8-cp310-cp310-manylinux_2_17_s390x.manylinux2014_s390x.whl", hash = "sha256:3d30621cf18a0e16a16fbcf2fa536d800f78514a46f5321130f1b54e88994267"},
    {file = "orjson-3.9.8-cp310-cp310-manylinux_2_17_x86_64.manylinux2014_x86_64.whl", hash = "sha256:5311ce1457a29084146d2599588dc8ad96256feb921af8e365444fa8ad67afac"},
    {file = "orjson-3.9.8-cp310-cp310-musllinux_1_1_aarch64.whl", hash = "sha256:f9b070c895fc81c362b1b41dc6d0c81a84ee4abb1193804de15683549aeeb0ee"},
    {file = "orjson-3.9.8-cp310-cp310-musllinux_1_1_x86_64.whl", hash = "sha256:24915b65ac19731a57a5ab7dbf463f91555e10d4ad833513e7d8cc6848487c24"},
    {file = "orjson-3.9.8-cp310-none-win32.whl", hash = "sha256:2bcc9dc53f9e1d679515349bf299ed5e75310146c755d2ba227a7e37851ab3fb"},
    {file = "orjson-3.9.8-cp310-none-win_amd64.whl", hash = "sha256:423774c85e73054acfef10fc3328f35c8d3e0193a7247d47308ebfccde70695d"},
    {file = "orjson-3.9.8-cp311-cp311-macosx_10_15_x86_64.macosx_11_0_arm64.macosx_10_15_universal2.whl", hash = "sha256:8a1c92f467f5fd0f8fb79273006b563364b1e45667b3760423498348dc2e22fa"},
    {file = "orjson-3.9.8-cp311-cp311-manylinux_2_17_aarch64.manylinux2014_aarch64.whl", hash = "sha256:742d4d16d66579ffff4b2048a8de4a0b03d731847233e92c4edd418a9c582d0f"},
    {file = "orjson-3.9.8-cp311-cp311-manylinux_2_17_armv7l.manylinux2014_armv7l.whl", hash = "sha256:6d1aab08b373232f568ea9ae048f9f77e09f389068afee6dd44bb6140e2c3ea3"},
    {file = "orjson-3.9.8-cp311-cp311-manylinux_2_17_ppc64le.manylinux2014_ppc64le.whl", hash = "sha256:68ed63273ec4ecdd7865e9d984d65a749c0d780882cf9dde6ab2bc6323f6471a"},
    {file = "orjson-3.9.8-cp311-cp311-manylinux_2_17_s390x.manylinux2014_s390x.whl", hash = "sha256:d23edcb32383f3d86b2f4914f9825ce2d67625abd34be6e5ed1f59ec30127b7a"},
    {file = "orjson-3.9.8-cp311-cp311-manylinux_2_17_x86_64.manylinux2014_x86_64.whl", hash = "sha256:a9bcd3a48b260d3dfe68b8ce93d11f99a70bd4c908efe22d195a1b1dcfb15ac2"},
    {file = "orjson-3.9.8-cp311-cp311-musllinux_1_1_aarch64.whl", hash = "sha256:9ce982f3c1df83f7dc74f3b2690605470ff4790d12558e44359f01e822c5cb08"},
    {file = "orjson-3.9.8-cp311-cp311-musllinux_1_1_x86_64.whl", hash = "sha256:4433dd903d5b022a64e9dd1dca94f08ab04d5d928a0ecd33dd46110468960879"},
    {file = "orjson-3.9.8-cp311-none-win32.whl", hash = "sha256:a119c73520192c2882d0549151b9cdd65e0bb5396bedf8951ba5f70d6a873879"},
    {file = "orjson-3.9.8-cp311-none-win_amd64.whl", hash = "sha256:764306f6370e6c76cbbf3139dd9b05be9c4481ee0b15966bd1907827a5777216"},
    {file = "orjson-3.9.8-cp312-cp312-macosx_10_15_x86_64.macosx_11_0_arm64.macosx_10_15_universal2.whl", hash = "sha256:af8e6185516ce0c93d6ce1f4105918504da629c631fd969686f32a1be3ed3c9b"},
    {file = "orjson-3.9.8-cp312-cp312-manylinux_2_17_aarch64.manylinux2014_aarch64.whl", hash = "sha256:3e8f5ac250184dcb6b00543f0f82853d7e840e476d0135733e459aee058695e5"},
    {file = "orjson-3.9.8-cp312-cp312-manylinux_2_17_armv7l.manylinux2014_armv7l.whl", hash = "sha256:edafb45fc5b2063abd8a0baf6be21c38497df2d9e0b75cdb053eb0ff100fa26c"},
    {file = "orjson-3.9.8-cp312-cp312-manylinux_2_17_ppc64le.manylinux2014_ppc64le.whl", hash = "sha256:cc449bff1d4152438615f4a6a003577942908c4e166d64dc46d1f3f0cde72ecd"},
    {file = "orjson-3.9.8-cp312-cp312-manylinux_2_17_s390x.manylinux2014_s390x.whl", hash = "sha256:ee887aeb8ab0c1d25e9f2b540f9a34b4cbfe8894f95b63a5984441a9f337d2ff"},
    {file = "orjson-3.9.8-cp312-cp312-manylinux_2_17_x86_64.manylinux2014_x86_64.whl", hash = "sha256:235b4aa46c58ded90c8b368722c1eb941613fe5a6b18bc14cfaae929f0be902e"},
    {file = "orjson-3.9.8-cp312-cp312-musllinux_1_1_aarch64.whl", hash = "sha256:ff2e6e429416b6287006ba0556083f62396199299ab85afd3ba1e83be14677e2"},
    {file = "orjson-3.9.8-cp312-cp312-musllinux_1_1_x86_64.whl", hash = "sha256:ab9c234bfe89aeba825feb897718c65a80851f367a4a8308d6b5074a80fce6e5"},
    {file = "orjson-3.9.8-cp312-none-win_amd64.whl", hash = "sha256:5c818f19315251d68954c529f5d8322053f1c35b500b47d008e968bf2d32ed97"},
    {file = "orjson-3.9.8-cp38-cp38-macosx_10_15_x86_64.macosx_11_0_arm64.macosx_10_15_universal2.whl", hash = "sha256:e6a267c0fc64fc4d0b8fb146e1a060a40f570441a9390ec4bc6de0b5fda148cd"},
    {file = "orjson-3.9.8-cp38-cp38-manylinux_2_17_aarch64.manylinux2014_aarch64.whl", hash = "sha256:a3c7c4d60e21b0f10c8214d7ca9f2243019dd1bf9d2750b3b4a9250935977a24"},
    {file = "orjson-3.9.8-cp38-cp38-manylinux_2_17_armv7l.manylinux2014_armv7l.whl", hash = "sha256:3be3da93c4d044d2f60de816320087a8494c3e75cdf3369655e014240b1a229d"},
    {file = "orjson-3.9.8-cp38-cp38-manylinux_2_17_ppc64le.manylinux2014_ppc64le.whl", hash = "sha256:0619df2454b87d883f7f9ea95d79fc21fec0b8a4d600b549a1e91f59a3493d6b"},
    {file = "orjson-3.9.8-cp38-cp38-manylinux_2_17_s390x.manylinux2014_s390x.whl", hash = "sha256:119a6edcecef4e37d30d6998e9cedd9e0ecdc894fa07216221dc8dd2eb24dd9d"},
    {file = "orjson-3.9.8-cp38-cp38-manylinux_2_17_x86_64.manylinux2014_x86_64.whl", hash = "sha256:e32ac29f9c30cc152e7432a26c665232a382678f2402bf782f73fbc985cfb37e"},
    {file = "orjson-3.9.8-cp38-cp38-musllinux_1_1_aarch64.whl", hash = "sha256:002f7ca314cc8fbed5f00990bf48eda098ba1bba1e0c23be4bb024381e7889d1"},
    {file = "orjson-3.9.8-cp38-cp38-musllinux_1_1_x86_64.whl", hash = "sha256:e538974e2ed20504f3dad0bcdab41cd5e4fa086dabea852a150e4cc98293183d"},
    {file = "orjson-3.9.8-cp38-none-win32.whl", hash = "sha256:9df23493a72f073b2ab1005e628a963248dc577a2816e9c82caf09ff74908414"},
    {file = "orjson-3.9.8-cp38-none-win_amd64.whl", hash = "sha256:34eec476141a043d478651d1efbf218162cdd57add24dfa659ac89e1a001477a"},
    {file = "orjson-3.9.8-cp39-cp39-macosx_10_15_x86_64.macosx_11_0_arm64.macosx_10_15_universal2.whl", hash = "sha256:c9ae634b8a55539c3d5a53813552325733ab3da3601feef8e99f91cef634f3c4"},
    {file = "orjson-3.9.8-cp39-cp39-manylinux_2_17_aarch64.manylinux2014_aarch64.whl", hash = "sha256:6ad73fde11117b6b103c1d4071168b0e2875d890556fa8597663a5eca81bb812"},
    {file = "orjson-3.9.8-cp39-cp39-manylinux_2_17_armv7l.manylinux2014_armv7l.whl", hash = "sha256:154f048e4da06275c1f173445dfbd88f038d29f7529a0dae6157293241b7f5bd"},
    {file = "orjson-3.9.8-cp39-cp39-manylinux_2_17_ppc64le.manylinux2014_ppc64le.whl", hash = "sha256:428fec9497d17ebb5936495bbeaf12b5952bff5f6fde8a0e64030887b8d8cf94"},
    {file = "orjson-3.9.8-cp39-cp39-manylinux_2_17_s390x.manylinux2014_s390x.whl", hash = "sha256:55ae6509f078eb90d157da7717f2826e55ef08756bc4f5b89448c6b56be4ff2c"},
    {file = "orjson-3.9.8-cp39-cp39-manylinux_2_17_x86_64.manylinux2014_x86_64.whl", hash = "sha256:e26836a11b88f839b6902f92e8dd997c32f49486119a1aa67d714bc288aae172"},
    {file = "orjson-3.9.8-cp39-cp39-musllinux_1_1_aarch64.whl", hash = "sha256:0a27e5161b1f23fd1b5e549b38018bbc7a0f0bd3699d3dec04e2e62d271480d3"},
    {file = "orjson-3.9.8-cp39-cp39-musllinux_1_1_x86_64.whl", hash = "sha256:4c836845177d6ee92682d0d9b61346a06b140b5666319905a5b423ebb0ecc5d3"},
    {file = "orjson-3.9.8-cp39-none-win32.whl", hash = "sha256:ca4f3e15517bdcdb573dfe6c97d4171247ce50ec82e3a7b708941b53d5f4bc29"},
    {file = "orjson-3.9.8-cp39-none-win_amd64.whl", hash = "sha256:52c0480d5be12697b10b4d748b86acd4999f47e1d8e44e49486d0a550f30fcba"},
    {file = "orjson-3.9.8.tar.gz", hash = "sha256:ed1adc6db9841974170a5195b827ee4e392b1e8ca385b19fcdc3248489844059"},
]

[[package]]
name = "packaging"
version = "23.2"
description = "Core utilities for Python packages"
optional = false
python-versions = ">=3.7"
files = [
    {file = "packaging-23.2-py3-none-any.whl", hash = "sha256:8c491190033a9af7e1d931d0b5dacc2ef47509b34dd0de67ed209b5203fc88c7"},
    {file = "packaging-23.2.tar.gz", hash = "sha256:048fb0e9405036518eaaf48a55953c750c11e1a1b68e0dd1a9d62ed0c092cfc5"},
]

[[package]]
name = "pluggy"
version = "1.3.0"
description = "plugin and hook calling mechanisms for python"
optional = false
python-versions = ">=3.8"
files = [
    {file = "pluggy-1.3.0-py3-none-any.whl", hash = "sha256:d89c696a773f8bd377d18e5ecda92b7a3793cbe66c87060a6fb58c7b6e1061f7"},
    {file = "pluggy-1.3.0.tar.gz", hash = "sha256:cf61ae8f126ac6f7c451172cf30e3e43d3ca77615509771b3a984a0730651e12"},
]

[package.extras]
dev = ["pre-commit", "tox"]
testing = ["pytest", "pytest-benchmark"]

[[package]]
name = "prometheus-client"
version = "0.17.1"
description = "Python client for the Prometheus monitoring system."
optional = false
python-versions = ">=3.6"
files = [
    {file = "prometheus_client-0.17.1-py3-none-any.whl", hash = "sha256:e537f37160f6807b8202a6fc4764cdd19bac5480ddd3e0d463c3002b34462101"},
    {file = "prometheus_client-0.17.1.tar.gz", hash = "sha256:21e674f39831ae3f8acde238afd9a27a37d0d2fb5a28ea094f0ce25d2cbf2091"},
]

[package.extras]
twisted = ["twisted"]

[[package]]
name = "pytest"
version = "7.4.2"
description = "pytest: simple powerful testing with Python"
optional = false
python-versions = ">=3.7"
files = [
    {file = "pytest-7.4.2-py3-none-any.whl", hash = "sha256:1d881c6124e08ff0a1bb75ba3ec0bfd8b5354a01c194ddd5a0a870a48d99b002"},
    {file = "pytest-7.4.2.tar.gz", hash = "sha256:a766259cfab564a2ad52cb1aae1b881a75c3eb7e34ca3779697c23ed47c47069"},
]

[package.dependencies]
colorama = {version = "*", markers = "sys_platform == \"win32\""}
exceptiongroup = {version = ">=1.0.0rc8", markers = "python_version < \"3.11\""}
iniconfig = "*"
packaging = "*"
pluggy = ">=0.12,<2.0"
tomli = {version = ">=1.0.0", markers = "python_version < \"3.11\""}

[package.extras]
testing = ["argcomplete", "attrs (>=19.2.0)", "hypothesis (>=3.56)", "mock", "nose", "pygments (>=2.7.2)", "requests", "setuptools", "xmlschema"]

[[package]]
name = "python-dateutil"
version = "2.8.2"
description = "Extensions to the standard Python datetime module"
optional = false
python-versions = "!=3.0.*,!=3.1.*,!=3.2.*,>=2.7"
files = [
    {file = "python-dateutil-2.8.2.tar.gz", hash = "sha256:0123cacc1627ae19ddf3c27a5de5bd67ee4586fbdd6440d9748f8abb483d3e86"},
    {file = "python_dateutil-2.8.2-py2.py3-none-any.whl", hash = "sha256:961d03dc3453ebbc59dbdea9e4e11c5651520a876d0f4db161e8674aae935da9"},
]

[package.dependencies]
six = ">=1.5"

[[package]]
name = "python-multipart"
version = "0.0.6"
description = "A streaming multipart parser for Python"
optional = false
python-versions = ">=3.7"
files = [
    {file = "python_multipart-0.0.6-py3-none-any.whl", hash = "sha256:ee698bab5ef148b0a760751c261902cd096e57e10558e11aca17646b74ee1c18"},
    {file = "python_multipart-0.0.6.tar.gz", hash = "sha256:e9925a80bb668529f1b67c7fdb0a5dacdd7cbfc6fb0bff3ea443fe22bdd62132"},
]

[package.extras]
dev = ["atomicwrites (==1.2.1)", "attrs (==19.2.0)", "coverage (==6.5.0)", "hatch", "invoke (==1.7.3)", "more-itertools (==4.3.0)", "pbr (==4.3.0)", "pluggy (==1.0.0)", "py (==1.11.0)", "pytest (==7.2.0)", "pytest-cov (==4.0.0)", "pytest-timeout (==2.1.0)", "pyyaml (==5.1)"]

[[package]]
name = "six"
version = "1.16.0"
description = "Python 2 and 3 compatibility utilities"
optional = false
python-versions = ">=2.7, !=3.0.*, !=3.1.*, !=3.2.*"
files = [
    {file = "six-1.16.0-py2.py3-none-any.whl", hash = "sha256:8abb2f1d86890a2dfb989f9a77cfcfd3e47c2a354b01111771326f8aa26e0254"},
    {file = "six-1.16.0.tar.gz", hash = "sha256:1e61c37477a1626458e36f7b1d82aa5c9b094fa4802892072e49de9c60c4c926"},
]

[[package]]
name = "sniffio"
version = "1.3.0"
description = "Sniff out which async library your code is running under"
optional = false
python-versions = ">=3.7"
files = [
    {file = "sniffio-1.3.0-py3-none-any.whl", hash = "sha256:eecefdce1e5bbfb7ad2eeaabf7c1eeb404d7757c379bd1f7e5cce9d8bf425384"},
    {file = "sniffio-1.3.0.tar.gz", hash = "sha256:e60305c5e5d314f5389259b7f22aaa33d8f7dee49763119234af3755c55b9101"},
]

[[package]]
name = "starlette"
version = "0.31.1"
description = "The little ASGI library that shines."
optional = false
python-versions = ">=3.8"
files = [
    {file = "starlette-0.31.1-py3-none-any.whl", hash = "sha256:009fb98ecd551a55017d204f033c58b13abcd4719cb5c41503abbf6d260fde11"},
    {file = "starlette-0.31.1.tar.gz", hash = "sha256:a4dc2a3448fb059000868d7eb774dd71229261b6d49b6851e7849bec69c0a011"},
]

[package.dependencies]
anyio = ">=3.4.0,<5"
typing-extensions = {version = ">=3.10.0", markers = "python_version < \"3.10\""}

[package.extras]
full = ["httpx (>=0.22.0)", "itsdangerous", "jinja2", "python-multipart", "pyyaml"]

[[package]]
name = "starlette-exporter"
version = "0.16.0"
description = "Prometheus metrics exporter for Starlette applications."
optional = false
python-versions = "*"
files = [
    {file = "starlette_exporter-0.16.0-py3-none-any.whl", hash = "sha256:9dbe8dc647acbeb8680d53cedbbb8042ca75ca1b6987f609c5601ea96ddb7422"},
    {file = "starlette_exporter-0.16.0.tar.gz", hash = "sha256:728cccf975c85d3cf2844b0110b51e1fa2dce628ef68bc38da58ad691f9b5d68"},
]

[package.dependencies]
prometheus-client = ">=0.12"
starlette = "*"

[[package]]
name = "tomli"
version = "2.0.1"
description = "A lil' TOML parser"
optional = false
python-versions = ">=3.7"
files = [
    {file = "tomli-2.0.1-py3-none-any.whl", hash = "sha256:939de3e7a6161af0c887ef91b7d41a53e7c5a1ca976325f429cb46ea9bc30ecc"},
    {file = "tomli-2.0.1.tar.gz", hash = "sha256:de526c12914f0c550d15924c62d72abc48d6fe7364aa87328337a31007fe8a4f"},
]

[[package]]
name = "typing-extensions"
version = "4.8.0"
description = "Backported and Experimental Type Hints for Python 3.8+"
optional = false
python-versions = ">=3.8"
files = [
    {file = "typing_extensions-4.8.0-py3-none-any.whl", hash = "sha256:8f92fc8806f9a6b641eaa5318da32b44d401efaac0f6678c9bc448ba3605faa0"},
    {file = "typing_extensions-4.8.0.tar.gz", hash = "sha256:df8e4339e9cb77357558cbdbceca33c303714cf861d1eef15e1070055ae8b7ef"},
]

[[package]]
name = "uuid7"
version = "0.1.0"
description = "UUID version 7, generating time-sorted UUIDs with 200ns time resolution and 48 bits of randomness"
optional = false
python-versions = ">=3.7"
files = [
    {file = "uuid7-0.1.0-py2.py3-none-any.whl", hash = "sha256:5e259bb63c8cb4aded5927ff41b444a80d0c7124e8a0ced7cf44efa1f5cccf61"},
    {file = "uuid7-0.1.0.tar.gz", hash = "sha256:8c57aa32ee7456d3cc68c95c4530bc571646defac01895cfc73545449894a63c"},
]

[[package]]
name = "uvicorn"
version = "0.23.2"
description = "The lightning-fast ASGI server."
optional = false
python-versions = ">=3.8"
files = [
    {file = "uvicorn-0.23.2-py3-none-any.whl", hash = "sha256:1f9be6558f01239d4fdf22ef8126c39cb1ad0addf76c40e760549d2c2f43ab53"},
    {file = "uvicorn-0.23.2.tar.gz", hash = "sha256:4d3cc12d7727ba72b64d12d3cc7743124074c0a69f7b201512fc50c3e3f1569a"},
]

[package.dependencies]
click = ">=7.0"
h11 = ">=0.8"
typing-extensions = {version = ">=4.0", markers = "python_version < \"3.11\""}

[package.extras]
standard = ["colorama (>=0.4)", "httptools (>=0.5.0)", "python-dotenv (>=0.13)", "pyyaml (>=5.1)", "uvloop (>=0.14.0,!=0.15.0,!=0.15.1)", "watchfiles (>=0.13)", "websockets (>=10.4)"]

[metadata]
lock-version = "2.0"
python-versions = "^3.8"
content-hash = "b52cfb3dc409177c18511f89a2bd49d4825cf3b33e7fb7ebf2b3e2a92e2fad15"
